
Microsoft Visual Studio Solution File, Format Version 12.00
# Visual Studio Version 16
VisualStudioVersion = 16.0.30804.86
MinimumVisualStudioVersion = 10.0.40219.1
Project("{9A19103F-16F7-4668-BE54-9A1E7A4F7556}") = "OnlineBookStore", "OnlineBookStore.csproj", "{21C2FDDB-02E7-4877-B380-87C9756FFDB5}"
EndProject
Global
	GlobalSection(SolutionConfigurationPlatforms) = preSolution
		Debug|Any CPU = Debug|Any CPU
		Release|Any CPU = Release|Any CPU
	EndGlobalSection
	GlobalSection(ProjectConfigurationPlatforms) = postSolution
		{21C2FDDB-02E7-4877-B380-87C9756FFDB5}.Debug|Any CPU.ActiveCfg = Debug|Any CPU
		{21C2FDDB-02E7-4877-B380-87C9756FFDB5}.Debug|Any CPU.Build.0 = Debug|Any CPU
		{21C2FDDB-02E7-4877-B380-87C9756FFDB5}.Release|Any CPU.ActiveCfg = Release|Any CPU
		{21C2FDDB-02E7-4877-B380-87C9756FFDB5}.Release|Any CPU.Build.0 = Release|Any CPU
	EndGlobalSection
	GlobalSection(SolutionProperties) = preSolution
		HideSolutionNode = FALSE
	EndGlobalSection
	GlobalSection(ExtensibilityGlobals) = postSolution
		SolutionGuid = {25DD3055-A564-4470-986D-62E3A2443252}
	EndGlobalSection
EndGlobal
